
Microsoft Visual Studio Solution File, Format Version 12.00
# Visual Studio 15
VisualStudioVersion = 15.0.27703.2042
MinimumVisualStudioVersion = 10.0.40219.1
Project("{FAE04EC0-301F-11D3-BF4B-00C04F79EFBC}") = "PathViewer", "PathViewer\PathViewer.csproj", "{61C34EE5-96BC-4A9C-8CA3-7D30BF9E2BB0}"
EndProject
Global
	GlobalSection(SolutionConfigurationPlatforms) = preSolution
		Debug|Any CPU = Debug|Any CPU
		Release|Any CPU = Release|Any CPU
	EndGlobalSection
	GlobalSection(ProjectConfigurationPlatforms) = postSolution
		{61C34EE5-96BC-4A9C-8CA3-7D30BF9E2BB0}.Debug|Any CPU.ActiveCfg = Debug|Any CPU
		{61C34EE5-96BC-4A9C-8CA3-7D30BF9E2BB0}.Debug|Any CPU.Build.0 = Debug|Any CPU
		{61C34EE5-96BC-4A9C-8CA3-7D30BF9E2BB0}.Release|Any CPU.ActiveCfg = Release|Any CPU
		{61C34EE5-96BC-4A9C-8CA3-7D30BF9E2BB0}.Release|Any CPU.Build.0 = Release|Any CPU
	EndGlobalSection
	GlobalSection(SolutionProperties) = preSolution
		HideSolutionNode = FALSE
	EndGlobalSection
	GlobalSection(ExtensibilityGlobals) = postSolution
		SolutionGuid = {CE6E250D-FD36-4231-BAF8-7F1ECE34DEE7}
	EndGlobalSection
EndGlobal
