
Microsoft Visual Studio Solution File, Format Version 12.00
# Visual Studio Version 16
VisualStudioVersion = 16.0.29806.167
MinimumVisualStudioVersion = 10.0.40219.1
Project("{FAE04EC0-301F-11D3-BF4B-00C04F79EFBC}") = "WpfCefSharpDemo", "WpfCefSharpDemo.csproj", "{E04A7420-04E8-46D6-AF25-9483C46199EC}"
EndProject
Global
	GlobalSection(SolutionConfigurationPlatforms) = preSolution
		Debug|Any CPU = Debug|Any CPU
		Release|Any CPU = Release|Any CPU
	EndGlobalSection
	GlobalSection(ProjectConfigurationPlatforms) = postSolution
		{E04A7420-04E8-46D6-AF25-9483C46199EC}.Debug|Any CPU.ActiveCfg = Debug|Any CPU
		{E04A7420-04E8-46D6-AF25-9483C46199EC}.Debug|Any CPU.Build.0 = Debug|Any CPU
		{E04A7420-04E8-46D6-AF25-9483C46199EC}.Release|Any CPU.ActiveCfg = Release|Any CPU
		{E04A7420-04E8-46D6-AF25-9483C46199EC}.Release|Any CPU.Build.0 = Release|Any CPU
	EndGlobalSection
	GlobalSection(SolutionProperties) = preSolution
		HideSolutionNode = FALSE
	EndGlobalSection
	GlobalSection(ExtensibilityGlobals) = postSolution
		SolutionGuid = {7C57729F-FC00-481F-9BC4-EE04B7FA2EC8}
	EndGlobalSection
EndGlobal
